// !$*UTF8*$!
{
	archiveVersion = 1;
	classes = {
	};
	objectVersion = 56;
	objects = {

/* Begin PBXBuildFile section */
		86766D082C1833F500095010 /* UIColor+Hex.swift in Sources */ = {isa = PBXBuildFile; fileRef = 86766D072C1833F500095010 /* UIColor+Hex.swift */; };
		86766D0A2C1837CA00095010 /* PhoneVerificationViewModel.swift in Sources */ = {isa = PBXBuildFile; fileRef = 86766D092C1837CA00095010 /* PhoneVerificationViewModel.swift */; };
		86E299A92C1721FF00805AD0 /* AppDelegate.swift in Sources */ = {isa = PBXBuildFile; fileRef = 86E299A82C1721FF00805AD0 /* AppDelegate.swift */; };
		86E299AB2C1721FF00805AD0 /* SceneDelegate.swift in Sources */ = {isa = PBXBuildFile; fileRef = 86E299AA2C1721FF00805AD0 /* SceneDelegate.swift */; };
		86E299AD2C1721FF00805AD0 /* ViewController.swift in Sources */ = {isa = PBXBuildFile; fileRef = 86E299AC2C1721FF00805AD0 /* ViewController.swift */; };
		86E299B02C1721FF00805AD0 /* Base in Resources */ = {isa = PBXBuildFile; fileRef = 86E299AF2C1721FF00805AD0 /* Base */; };
		86E299B22C17220000805AD0 /* Assets.xcassets in Resources */ = {isa = PBXBuildFile; fileRef = 86E299B12C17220000805AD0 /* Assets.xcassets */; };
		86E299B52C17220000805AD0 /* Base in Resources */ = {isa = PBXBuildFile; fileRef = 86E299B42C17220000805AD0 /* Base */; };
		86E299C02C17220000805AD0 /* SeulMaeTests.swift in Sources */ = {isa = PBXBuildFile; fileRef = 86E299BF2C17220000805AD0 /* SeulMaeTests.swift */; };
		86E299CA2C17220000805AD0 /* SeulMaeUITests.swift in Sources */ = {isa = PBXBuildFile; fileRef = 86E299C92C17220000805AD0 /* SeulMaeUITests.swift */; };
		86E299CC2C17220000805AD0 /* SeulMaeUITestsLaunchTests.swift in Sources */ = {isa = PBXBuildFile; fileRef = 86E299CB2C17220000805AD0 /* SeulMaeUITestsLaunchTests.swift */; };
		86E299DE2C1722D700805AD0 /* SigninViewController.swift in Sources */ = {isa = PBXBuildFile; fileRef = 86E299DD2C1722D700805AD0 /* SigninViewController.swift */; };
		86E299E02C1722E200805AD0 /* SignupCompletionViewController.swift in Sources */ = {isa = PBXBuildFile; fileRef = 86E299DF2C1722E200805AD0 /* SignupCompletionViewController.swift */; };
		86E299E42C1726C200805AD0 /* UserInfoSetupViewController.swift in Sources */ = {isa = PBXBuildFile; fileRef = 86E299E32C1726C200805AD0 /* UserInfoSetupViewController.swift */; };
		86E299E62C1727CE00805AD0 /* PhoneVerificationViewController.swift in Sources */ = {isa = PBXBuildFile; fileRef = 86E299E52C1727CE00805AD0 /* PhoneVerificationViewController.swift */; };
		86E299E82C17289800805AD0 /* AccountSetupViewController.swift in Sources */ = {isa = PBXBuildFile; fileRef = 86E299E72C17289800805AD0 /* AccountSetupViewController.swift */; };
		86E299EA2C1728AE00805AD0 /* ProfileSetupViewController.swift in Sources */ = {isa = PBXBuildFile; fileRef = 86E299E92C1728AE00805AD0 /* ProfileSetupViewController.swift */; };
		86E299EE2C17357E00805AD0 /* SnapKit in Frameworks */ = {isa = PBXBuildFile; productRef = 86E299ED2C17357E00805AD0 /* SnapKit */; };
/* End PBXBuildFile section */

/* Begin PBXContainerItemProxy section */
		86E299BC2C17220000805AD0 /* PBXContainerItemProxy */ = {
			isa = PBXContainerItemProxy;
			containerPortal = 86E2999D2C1721FF00805AD0 /* Project object */;
			proxyType = 1;
			remoteGlobalIDString = 86E299A42C1721FF00805AD0;
			remoteInfo = SeulMae;
		};
		86E299C62C17220000805AD0 /* PBXContainerItemProxy */ = {
			isa = PBXContainerItemProxy;
			containerPortal = 86E2999D2C1721FF00805AD0 /* Project object */;
			proxyType = 1;
			remoteGlobalIDString = 86E299A42C1721FF00805AD0;
			remoteInfo = SeulMae;
		};
/* End PBXContainerItemProxy section */

/* Begin PBXFileReference section */
		86766D072C1833F500095010 /* UIColor+Hex.swift */ = {isa = PBXFileReference; fileEncoding = 4; lastKnownFileType = sourcecode.swift; path = "UIColor+Hex.swift"; sourceTree = "<group>"; };
		86766D092C1837CA00095010 /* PhoneVerificationViewModel.swift */ = {isa = PBXFileReference; lastKnownFileType = sourcecode.swift; path = PhoneVerificationViewModel.swift; sourceTree = "<group>"; };
		86E299A52C1721FF00805AD0 /* SeulMae.app */ = {isa = PBXFileReference; explicitFileType = wrapper.application; includeInIndex = 0; path = SeulMae.app; sourceTree = BUILT_PRODUCTS_DIR; };
		86E299A82C1721FF00805AD0 /* AppDelegate.swift */ = {isa = PBXFileReference; lastKnownFileType = sourcecode.swift; path = AppDelegate.swift; sourceTree = "<group>"; };
		86E299AA2C1721FF00805AD0 /* SceneDelegate.swift */ = {isa = PBXFileReference; lastKnownFileType = sourcecode.swift; path = SceneDelegate.swift; sourceTree = "<group>"; };
		86E299AC2C1721FF00805AD0 /* ViewController.swift */ = {isa = PBXFileReference; lastKnownFileType = sourcecode.swift; path = ViewController.swift; sourceTree = "<group>"; };
		86E299AF2C1721FF00805AD0 /* Base */ = {isa = PBXFileReference; lastKnownFileType = file.storyboard; name = Base; path = Base.lproj/Main.storyboard; sourceTree = "<group>"; };
		86E299B12C17220000805AD0 /* Assets.xcassets */ = {isa = PBXFileReference; lastKnownFileType = folder.assetcatalog; path = Assets.xcassets; sourceTree = "<group>"; };
		86E299B42C17220000805AD0 /* Base */ = {isa = PBXFileReference; lastKnownFileType = file.storyboard; name = Base; path = Base.lproj/LaunchScreen.storyboard; sourceTree = "<group>"; };
		86E299B62C17220000805AD0 /* Info.plist */ = {isa = PBXFileReference; lastKnownFileType = text.plist.xml; path = Info.plist; sourceTree = "<group>"; };
		86E299BB2C17220000805AD0 /* SeulMaeTests.xctest */ = {isa = PBXFileReference; explicitFileType = wrapper.cfbundle; includeInIndex = 0; path = SeulMaeTests.xctest; sourceTree = BUILT_PRODUCTS_DIR; };
		86E299BF2C17220000805AD0 /* SeulMaeTests.swift */ = {isa = PBXFileReference; lastKnownFileType = sourcecode.swift; path = SeulMaeTests.swift; sourceTree = "<group>"; };
		86E299C52C17220000805AD0 /* SeulMaeUITests.xctest */ = {isa = PBXFileReference; explicitFileType = wrapper.cfbundle; includeInIndex = 0; path = SeulMaeUITests.xctest; sourceTree = BUILT_PRODUCTS_DIR; };
		86E299C92C17220000805AD0 /* SeulMaeUITests.swift */ = {isa = PBXFileReference; lastKnownFileType = sourcecode.swift; path = SeulMaeUITests.swift; sourceTree = "<group>"; };
		86E299CB2C17220000805AD0 /* SeulMaeUITestsLaunchTests.swift */ = {isa = PBXFileReference; lastKnownFileType = sourcecode.swift; path = SeulMaeUITestsLaunchTests.swift; sourceTree = "<group>"; };
		86E299DD2C1722D700805AD0 /* SigninViewController.swift */ = {isa = PBXFileReference; lastKnownFileType = sourcecode.swift; path = SigninViewController.swift; sourceTree = "<group>"; };
		86E299DF2C1722E200805AD0 /* SignupCompletionViewController.swift */ = {isa = PBXFileReference; lastKnownFileType = sourcecode.swift; path = SignupCompletionViewController.swift; sourceTree = "<group>"; };
		86E299E32C1726C200805AD0 /* UserInfoSetupViewController.swift */ = {isa = PBXFileReference; lastKnownFileType = sourcecode.swift; path = UserInfoSetupViewController.swift; sourceTree = "<group>"; };
		86E299E52C1727CE00805AD0 /* PhoneVerificationViewController.swift */ = {isa = PBXFileReference; lastKnownFileType = sourcecode.swift; path = PhoneVerificationViewController.swift; sourceTree = "<group>"; };
		86E299E72C17289800805AD0 /* AccountSetupViewController.swift */ = {isa = PBXFileReference; lastKnownFileType = sourcecode.swift; path = AccountSetupViewController.swift; sourceTree = "<group>"; };
		86E299E92C1728AE00805AD0 /* ProfileSetupViewController.swift */ = {isa = PBXFileReference; lastKnownFileType = sourcecode.swift; path = ProfileSetupViewController.swift; sourceTree = "<group>"; };
/* End PBXFileReference section */

/* Begin PBXFrameworksBuildPhase section */
		86E299A22C1721FF00805AD0 /* Frameworks */ = {
			isa = PBXFrameworksBuildPhase;
			buildActionMask = 2147483647;
			files = (
				86E299EE2C17357E00805AD0 /* SnapKit in Frameworks */,
			);
			runOnlyForDeploymentPostprocessing = 0;
		};
		86E299B82C17220000805AD0 /* Frameworks */ = {
			isa = PBXFrameworksBuildPhase;
			buildActionMask = 2147483647;
			files = (
			);
			runOnlyForDeploymentPostprocessing = 0;
		};
		86E299C22C17220000805AD0 /* Frameworks */ = {
			isa = PBXFrameworksBuildPhase;
			buildActionMask = 2147483647;
			files = (
			);
			runOnlyForDeploymentPostprocessing = 0;
		};
/* End PBXFrameworksBuildPhase section */

/* Begin PBXGroup section */
		86766D022C1830DD00095010 /* PhoneVerification */ = {
			isa = PBXGroup;
			children = (
				86766D032C1830E200095010 /* View */,
				86766D042C1830E500095010 /* ViewModel */,
			);
			path = PhoneVerification;
			sourceTree = "<group>";
		};
		86766D032C1830E200095010 /* View */ = {
			isa = PBXGroup;
			children = (
				86E299E52C1727CE00805AD0 /* PhoneVerificationViewController.swift */,
			);
			path = View;
			sourceTree = "<group>";
		};
		86766D042C1830E500095010 /* ViewModel */ = {
			isa = PBXGroup;
			children = (
				86766D092C1837CA00095010 /* PhoneVerificationViewModel.swift */,
			);
			path = ViewModel;
			sourceTree = "<group>";
		};
		86766D052C1833CC00095010 /* Application */ = {
			isa = PBXGroup;
			children = (
				86E299A82C1721FF00805AD0 /* AppDelegate.swift */,
				86E299AA2C1721FF00805AD0 /* SceneDelegate.swift */,
				86766D062C1833DA00095010 /* Utils */,
				86766D0B2C1837DF00095010 /* Common */,
			);
			path = Application;
			sourceTree = "<group>";
		};
		86766D062C1833DA00095010 /* Utils */ = {
			isa = PBXGroup;
			children = (
				86766D072C1833F500095010 /* UIColor+Hex.swift */,
			);
			path = Utils;
			sourceTree = "<group>";
		};
		86766D0B2C1837DF00095010 /* Common */ = {
			isa = PBXGroup;
			children = (
			);
			path = Common;
			sourceTree = "<group>";
		};
		86E2999C2C1721FF00805AD0 = {
			isa = PBXGroup;
			children = (
				86E299A72C1721FF00805AD0 /* SeulMae */,
				86E299BE2C17220000805AD0 /* SeulMaeTests */,
				86E299C82C17220000805AD0 /* SeulMaeUITests */,
				86E299A62C1721FF00805AD0 /* Products */,
				86E299EC2C17357E00805AD0 /* Frameworks */,
			);
			sourceTree = "<group>";
		};
		86E299A62C1721FF00805AD0 /* Products */ = {
			isa = PBXGroup;
			children = (
				86E299A52C1721FF00805AD0 /* SeulMae.app */,
				86E299BB2C17220000805AD0 /* SeulMaeTests.xctest */,
				86E299C52C17220000805AD0 /* SeulMaeUITests.xctest */,
			);
			name = Products;
			sourceTree = "<group>";
		};
		86E299A72C1721FF00805AD0 /* SeulMae */ = {
			isa = PBXGroup;
			children = (
				86766D052C1833CC00095010 /* Application */,
				86E299E12C1722EB00805AD0 /* Presentation */,
				86E299AE2C1721FF00805AD0 /* Main.storyboard */,
				86E299B12C17220000805AD0 /* Assets.xcassets */,
				86E299B32C17220000805AD0 /* LaunchScreen.storyboard */,
				86E299B62C17220000805AD0 /* Info.plist */,
			);
			path = SeulMae;
			sourceTree = "<group>";
		};
		86E299BE2C17220000805AD0 /* SeulMaeTests */ = {
			isa = PBXGroup;
			children = (
				86E299BF2C17220000805AD0 /* SeulMaeTests.swift */,
			);
			path = SeulMaeTests;
			sourceTree = "<group>";
		};
		86E299C82C17220000805AD0 /* SeulMaeUITests */ = {
			isa = PBXGroup;
			children = (
				86E299C92C17220000805AD0 /* SeulMaeUITests.swift */,
				86E299CB2C17220000805AD0 /* SeulMaeUITestsLaunchTests.swift */,
			);
			path = SeulMaeUITests;
			sourceTree = "<group>";
		};
		86E299D82C17221800805AD0 /* Signin */ = {
			isa = PBXGroup;
			children = (
				86E299DD2C1722D700805AD0 /* SigninViewController.swift */,
			);
			path = Signin;
			sourceTree = "<group>";
		};
		86E299D92C17227600805AD0 /* Signup */ = {
			isa = PBXGroup;
			children = (
				86E299E32C1726C200805AD0 /* UserInfoSetupViewController.swift */,
				86766D022C1830DD00095010 /* PhoneVerification */,
				86E299E72C17289800805AD0 /* AccountSetupViewController.swift */,
				86E299E92C1728AE00805AD0 /* ProfileSetupViewController.swift */,
				86E299DF2C1722E200805AD0 /* SignupCompletionViewController.swift */,
			);
			path = Signup;
			sourceTree = "<group>";
		};
		86E299DB2C1722A600805AD0 /* Authentication */ = {
			isa = PBXGroup;
			children = (
				86E299D82C17221800805AD0 /* Signin */,
				86E299D92C17227600805AD0 /* Signup */,
			);
			path = Authentication;
			sourceTree = "<group>";
		};
		86E299E12C1722EB00805AD0 /* Presentation */ = {
			isa = PBXGroup;
			children = (
				86E299DB2C1722A600805AD0 /* Authentication */,
				86E299E22C17230E00805AD0 /* Main */,
			);
			path = Presentation;
			sourceTree = "<group>";
		};
		86E299E22C17230E00805AD0 /* Main */ = {
			isa = PBXGroup;
			children = (
				86E299AC2C1721FF00805AD0 /* ViewController.swift */,
			);
			path = Main;
			sourceTree = "<group>";
		};
		86E299EC2C17357E00805AD0 /* Frameworks */ = {
			isa = PBXGroup;
			children = (
			);
			name = Frameworks;
			sourceTree = "<group>";
		};
/* End PBXGroup section */

/* Begin PBXNativeTarget section */
		86E299A42C1721FF00805AD0 /* SeulMae */ = {
			isa = PBXNativeTarget;
			buildConfigurationList = 86E299CF2C17220000805AD0 /* Build configuration list for PBXNativeTarget "SeulMae" */;
			buildPhases = (
				86E299A12C1721FF00805AD0 /* Sources */,
				86E299A22C1721FF00805AD0 /* Frameworks */,
				86E299A32C1721FF00805AD0 /* Resources */,
			);
			buildRules = (
			);
			dependencies = (
			);
			name = SeulMae;
			packageProductDependencies = (
				86E299ED2C17357E00805AD0 /* SnapKit */,
			);
			productName = SeulMae;
			productReference = 86E299A52C1721FF00805AD0 /* SeulMae.app */;
			productType = "com.apple.product-type.application";
		};
		86E299BA2C17220000805AD0 /* SeulMaeTests */ = {
			isa = PBXNativeTarget;
			buildConfigurationList = 86E299D22C17220000805AD0 /* Build configuration list for PBXNativeTarget "SeulMaeTests" */;
			buildPhases = (
				86E299B72C17220000805AD0 /* Sources */,
				86E299B82C17220000805AD0 /* Frameworks */,
				86E299B92C17220000805AD0 /* Resources */,
			);
			buildRules = (
			);
			dependencies = (
				86E299BD2C17220000805AD0 /* PBXTargetDependency */,
			);
			name = SeulMaeTests;
			productName = SeulMaeTests;
			productReference = 86E299BB2C17220000805AD0 /* SeulMaeTests.xctest */;
			productType = "com.apple.product-type.bundle.unit-test";
		};
		86E299C42C17220000805AD0 /* SeulMaeUITests */ = {
			isa = PBXNativeTarget;
			buildConfigurationList = 86E299D52C17220000805AD0 /* Build configuration list for PBXNativeTarget "SeulMaeUITests" */;
			buildPhases = (
				86E299C12C17220000805AD0 /* Sources */,
				86E299C22C17220000805AD0 /* Frameworks */,
				86E299C32C17220000805AD0 /* Resources */,
			);
			buildRules = (
			);
			dependencies = (
				86E299C72C17220000805AD0 /* PBXTargetDependency */,
			);
			name = SeulMaeUITests;
			productName = SeulMaeUITests;
			productReference = 86E299C52C17220000805AD0 /* SeulMaeUITests.xctest */;
			productType = "com.apple.product-type.bundle.ui-testing";
		};
/* End PBXNativeTarget section */

/* Begin PBXProject section */
		86E2999D2C1721FF00805AD0 /* Project object */ = {
			isa = PBXProject;
			attributes = {
				BuildIndependentTargetsInParallel = 1;
				LastSwiftUpdateCheck = 1540;
				LastUpgradeCheck = 1540;
				TargetAttributes = {
					86E299A42C1721FF00805AD0 = {
						CreatedOnToolsVersion = 15.4;
					};
					86E299BA2C17220000805AD0 = {
						CreatedOnToolsVersion = 15.4;
						TestTargetID = 86E299A42C1721FF00805AD0;
					};
					86E299C42C17220000805AD0 = {
						CreatedOnToolsVersion = 15.4;
						TestTargetID = 86E299A42C1721FF00805AD0;
					};
				};
			};
			buildConfigurationList = 86E299A02C1721FF00805AD0 /* Build configuration list for PBXProject "SeulMae" */;
			compatibilityVersion = "Xcode 14.0";
			developmentRegion = en;
			hasScannedForEncodings = 0;
			knownRegions = (
				en,
				Base,
			);
			mainGroup = 86E2999C2C1721FF00805AD0;
			packageReferences = (
				86E299EB2C1733A600805AD0 /* XCRemoteSwiftPackageReference "SnapKit" */,
			);
			productRefGroup = 86E299A62C1721FF00805AD0 /* Products */;
			projectDirPath = "";
			projectRoot = "";
			targets = (
				86E299A42C1721FF00805AD0 /* SeulMae */,
				86E299BA2C17220000805AD0 /* SeulMaeTests */,
				86E299C42C17220000805AD0 /* SeulMaeUITests */,
			);
		};
/* End PBXProject section */

/* Begin PBXResourcesBuildPhase section */
		86E299A32C1721FF00805AD0 /* Resources */ = {
			isa = PBXResourcesBuildPhase;
			buildActionMask = 2147483647;
			files = (
				86E299B22C17220000805AD0 /* Assets.xcassets in Resources */,
				86E299B52C17220000805AD0 /* Base in Resources */,
				86E299B02C1721FF00805AD0 /* Base in Resources */,
			);
			runOnlyForDeploymentPostprocessing = 0;
		};
		86E299B92C17220000805AD0 /* Resources */ = {
			isa = PBXResourcesBuildPhase;
			buildActionMask = 2147483647;
			files = (
			);
			runOnlyForDeploymentPostprocessing = 0;
		};
		86E299C32C17220000805AD0 /* Resources */ = {
			isa = PBXResourcesBuildPhase;
			buildActionMask = 2147483647;
			files = (
			);
			runOnlyForDeploymentPostprocessing = 0;
		};
/* End PBXResourcesBuildPhase section */

/* Begin PBXSourcesBuildPhase section */
		86E299A12C1721FF00805AD0 /* Sources */ = {
			isa = PBXSourcesBuildPhase;
			buildActionMask = 2147483647;
			files = (
				86766D0A2C1837CA00095010 /* PhoneVerificationViewModel.swift in Sources */,
				86E299E82C17289800805AD0 /* AccountSetupViewController.swift in Sources */,
				86E299E42C1726C200805AD0 /* UserInfoSetupViewController.swift in Sources */,
				86E299E62C1727CE00805AD0 /* PhoneVerificationViewController.swift in Sources */,
				86E299DE2C1722D700805AD0 /* SigninViewController.swift in Sources */,
				86E299EA2C1728AE00805AD0 /* ProfileSetupViewController.swift in Sources */,
				86E299AD2C1721FF00805AD0 /* ViewController.swift in Sources */,
				86E299E02C1722E200805AD0 /* SignupCompletionViewController.swift in Sources */,
				86E299A92C1721FF00805AD0 /* AppDelegate.swift in Sources */,
				86E299AB2C1721FF00805AD0 /* SceneDelegate.swift in Sources */,
				86766D082C1833F500095010 /* UIColor+Hex.swift in Sources */,
			);
			runOnlyForDeploymentPostprocessing = 0;
		};
		86E299B72C17220000805AD0 /* Sources */ = {
			isa = PBXSourcesBuildPhase;
			buildActionMask = 2147483647;
			files = (
				86E299C02C17220000805AD0 /* SeulMaeTests.swift in Sources */,
			);
			runOnlyForDeploymentPostprocessing = 0;
		};
		86E299C12C17220000805AD0 /* Sources */ = {
			isa = PBXSourcesBuildPhase;
			buildActionMask = 2147483647;
			files = (
				86E299CA2C17220000805AD0 /* SeulMaeUITests.swift in Sources */,
				86E299CC2C17220000805AD0 /* SeulMaeUITestsLaunchTests.swift in Sources */,
			);
			runOnlyForDeploymentPostprocessing = 0;
		};
/* End PBXSourcesBuildPhase section */

/* Begin PBXTargetDependency section */
		86E299BD2C17220000805AD0 /* PBXTargetDependency */ = {
			isa = PBXTargetDependency;
			target = 86E299A42C1721FF00805AD0 /* SeulMae */;
			targetProxy = 86E299BC2C17220000805AD0 /* PBXContainerItemProxy */;
		};
		86E299C72C17220000805AD0 /* PBXTargetDependency */ = {
			isa = PBXTargetDependency;
			target = 86E299A42C1721FF00805AD0 /* SeulMae */;
			targetProxy = 86E299C62C17220000805AD0 /* PBXContainerItemProxy */;
		};
/* End PBXTargetDependency section */

/* Begin PBXVariantGroup section */
		86E299AE2C1721FF00805AD0 /* Main.storyboard */ = {
			isa = PBXVariantGroup;
			children = (
				86E299AF2C1721FF00805AD0 /* Base */,
			);
			name = Main.storyboard;
			sourceTree = "<group>";
		};
		86E299B32C17220000805AD0 /* LaunchScreen.storyboard */ = {
			isa = PBXVariantGroup;
			children = (
				86E299B42C17220000805AD0 /* Base */,
			);
			name = LaunchScreen.storyboard;
			sourceTree = "<group>";
		};
/* End PBXVariantGroup section */

/* Begin XCBuildConfiguration section */
		86E299CD2C17220000805AD0 /* Debug */ = {
			isa = XCBuildConfiguration;
			buildSettings = {
				ALWAYS_SEARCH_USER_PATHS = NO;
				ASSETCATALOG_COMPILER_GENERATE_SWIFT_ASSET_SYMBOL_EXTENSIONS = YES;
				CLANG_ANALYZER_NONNULL = YES;
				CLANG_ANALYZER_NUMBER_OBJECT_CONVERSION = YES_AGGRESSIVE;
				CLANG_CXX_LANGUAGE_STANDARD = "gnu++20";
				CLANG_ENABLE_MODULES = YES;
				CLANG_ENABLE_OBJC_ARC = YES;
				CLANG_ENABLE_OBJC_WEAK = YES;
				CLANG_WARN_BLOCK_CAPTURE_AUTORELEASING = YES;
				CLANG_WARN_BOOL_CONVERSION = YES;
				CLANG_WARN_COMMA = YES;
				CLANG_WARN_CONSTANT_CONVERSION = YES;
				CLANG_WARN_DEPRECATED_OBJC_IMPLEMENTATIONS = YES;
				CLANG_WARN_DIRECT_OBJC_ISA_USAGE = YES_ERROR;
				CLANG_WARN_DOCUMENTATION_COMMENTS = YES;
				CLANG_WARN_EMPTY_BODY = YES;
				CLANG_WARN_ENUM_CONVERSION = YES;
				CLANG_WARN_INFINITE_RECURSION = YES;
				CLANG_WARN_INT_CONVERSION = YES;
				CLANG_WARN_NON_LITERAL_NULL_CONVERSION = YES;
				CLANG_WARN_OBJC_IMPLICIT_RETAIN_SELF = YES;
				CLANG_WARN_OBJC_LITERAL_CONVERSION = YES;
				CLANG_WARN_OBJC_ROOT_CLASS = YES_ERROR;
				CLANG_WARN_QUOTED_INCLUDE_IN_FRAMEWORK_HEADER = YES;
				CLANG_WARN_RANGE_LOOP_ANALYSIS = YES;
				CLANG_WARN_STRICT_PROTOTYPES = YES;
				CLANG_WARN_SUSPICIOUS_MOVE = YES;
				CLANG_WARN_UNGUARDED_AVAILABILITY = YES_AGGRESSIVE;
				CLANG_WARN_UNREACHABLE_CODE = YES;
				CLANG_WARN__DUPLICATE_METHOD_MATCH = YES;
				COPY_PHASE_STRIP = NO;
				DEBUG_INFORMATION_FORMAT = dwarf;
				ENABLE_STRICT_OBJC_MSGSEND = YES;
				ENABLE_TESTABILITY = YES;
				ENABLE_USER_SCRIPT_SANDBOXING = YES;
				GCC_C_LANGUAGE_STANDARD = gnu17;
				GCC_DYNAMIC_NO_PIC = NO;
				GCC_NO_COMMON_BLOCKS = YES;
				GCC_OPTIMIZATION_LEVEL = 0;
				GCC_PREPROCESSOR_DEFINITIONS = (
					"DEBUG=1",
					"$(inherited)",
				);
				GCC_WARN_64_TO_32_BIT_CONVERSION = YES;
				GCC_WARN_ABOUT_RETURN_TYPE = YES_ERROR;
				GCC_WARN_UNDECLARED_SELECTOR = YES;
				GCC_WARN_UNINITIALIZED_AUTOS = YES_AGGRESSIVE;
				GCC_WARN_UNUSED_FUNCTION = YES;
				GCC_WARN_UNUSED_VARIABLE = YES;
				IPHONEOS_DEPLOYMENT_TARGET = 14.0;
				LOCALIZATION_PREFERS_STRING_CATALOGS = YES;
				MTL_ENABLE_DEBUG_INFO = INCLUDE_SOURCE;
				MTL_FAST_MATH = YES;
				ONLY_ACTIVE_ARCH = YES;
				SDKROOT = iphoneos;
				SWIFT_ACTIVE_COMPILATION_CONDITIONS = "DEBUG $(inherited)";
				SWIFT_OPTIMIZATION_LEVEL = "-Onone";
			};
			name = Debug;
		};
		86E299CE2C17220000805AD0 /* Release */ = {
			isa = XCBuildConfiguration;
			buildSettings = {
				ALWAYS_SEARCH_USER_PATHS = NO;
				ASSETCATALOG_COMPILER_GENERATE_SWIFT_ASSET_SYMBOL_EXTENSIONS = YES;
				CLANG_ANALYZER_NONNULL = YES;
				CLANG_ANALYZER_NUMBER_OBJECT_CONVERSION = YES_AGGRESSIVE;
				CLANG_CXX_LANGUAGE_STANDARD = "gnu++20";
				CLANG_ENABLE_MODULES = YES;
				CLANG_ENABLE_OBJC_ARC = YES;
				CLANG_ENABLE_OBJC_WEAK = YES;
				CLANG_WARN_BLOCK_CAPTURE_AUTORELEASING = YES;
				CLANG_WARN_BOOL_CONVERSION = YES;
				CLANG_WARN_COMMA = YES;
				CLANG_WARN_CONSTANT_CONVERSION = YES;
				CLANG_WARN_DEPRECATED_OBJC_IMPLEMENTATIONS = YES;
				CLANG_WARN_DIRECT_OBJC_ISA_USAGE = YES_ERROR;
				CLANG_WARN_DOCUMENTATION_COMMENTS = YES;
				CLANG_WARN_EMPTY_BODY = YES;
				CLANG_WARN_ENUM_CONVERSION = YES;
				CLANG_WARN_INFINITE_RECURSION = YES;
				CLANG_WARN_INT_CONVERSION = YES;
				CLANG_WARN_NON_LITERAL_NULL_CONVERSION = YES;
				CLANG_WARN_OBJC_IMPLICIT_RETAIN_SELF = YES;
				CLANG_WARN_OBJC_LITERAL_CONVERSION = YES;
				CLANG_WARN_OBJC_ROOT_CLASS = YES_ERROR;
				CLANG_WARN_QUOTED_INCLUDE_IN_FRAMEWORK_HEADER = YES;
				CLANG_WARN_RANGE_LOOP_ANALYSIS = YES;
				CLANG_WARN_STRICT_PROTOTYPES = YES;
				CLANG_WARN_SUSPICIOUS_MOVE = YES;
				CLANG_WARN_UNGUARDED_AVAILABILITY = YES_AGGRESSIVE;
				CLANG_WARN_UNREACHABLE_CODE = YES;
				CLANG_WARN__DUPLICATE_METHOD_MATCH = YES;
				COPY_PHASE_STRIP = NO;
				DEBUG_INFORMATION_FORMAT = "dwarf-with-dsym";
				ENABLE_NS_ASSERTIONS = NO;
				ENABLE_STRICT_OBJC_MSGSEND = YES;
				ENABLE_USER_SCRIPT_SANDBOXING = YES;
				GCC_C_LANGUAGE_STANDARD = gnu17;
				GCC_NO_COMMON_BLOCKS = YES;
				GCC_WARN_64_TO_32_BIT_CONVERSION = YES;
				GCC_WARN_ABOUT_RETURN_TYPE = YES_ERROR;
				GCC_WARN_UNDECLARED_SELECTOR = YES;
				GCC_WARN_UNINITIALIZED_AUTOS = YES_AGGRESSIVE;
				GCC_WARN_UNUSED_FUNCTION = YES;
				GCC_WARN_UNUSED_VARIABLE = YES;
				IPHONEOS_DEPLOYMENT_TARGET = 14.0;
				LOCALIZATION_PREFERS_STRING_CATALOGS = YES;
				MTL_ENABLE_DEBUG_INFO = NO;
				MTL_FAST_MATH = YES;
				SDKROOT = iphoneos;
				SWIFT_COMPILATION_MODE = wholemodule;
				VALIDATE_PRODUCT = YES;
			};
			name = Release;
		};
		86E299D02C17220000805AD0 /* Debug */ = {
			isa = XCBuildConfiguration;
			buildSettings = {
				ASSETCATALOG_COMPILER_APPICON_NAME = AppIcon;
				ASSETCATALOG_COMPILER_GLOBAL_ACCENT_COLOR_NAME = AccentColor;
				CODE_SIGN_STYLE = Automatic;
				CURRENT_PROJECT_VERSION = 1;
				DEVELOPMENT_TEAM = 82R248LTUV;
				GENERATE_INFOPLIST_FILE = YES;
				INFOPLIST_FILE = SeulMae/Info.plist;
				INFOPLIST_KEY_UIApplicationSupportsIndirectInputEvents = YES;
				INFOPLIST_KEY_UILaunchStoryboardName = LaunchScreen;
				INFOPLIST_KEY_UIMainStoryboardFile = Main;
				INFOPLIST_KEY_UISupportedInterfaceOrientations = UIInterfaceOrientationPortrait;
				LD_RUNPATH_SEARCH_PATHS = (
					"$(inherited)",
					"@executable_path/Frameworks",
				);
				MARKETING_VERSION = 1.0;
				PRODUCT_BUNDLE_IDENTIFIER = com.yonggipo.SeulMae;
				PRODUCT_NAME = "$(TARGET_NAME)";
				SUPPORTED_PLATFORMS = "iphoneos iphonesimulator";
				SUPPORTS_MACCATALYST = NO;
				SUPPORTS_MAC_DESIGNED_FOR_IPHONE_IPAD = NO;
				SUPPORTS_XR_DESIGNED_FOR_IPHONE_IPAD = NO;
				SWIFT_EMIT_LOC_STRINGS = YES;
				SWIFT_VERSION = 5.0;
				TARGETED_DEVICE_FAMILY = "1,2";
			};
			name = Debug;
		};
		86E299D12C17220000805AD0 /* Release */ = {
			isa = XCBuildConfiguration;
			buildSettings = {
				ASSETCATALOG_COMPILER_APPICON_NAME = AppIcon;
				ASSETCATALOG_COMPILER_GLOBAL_ACCENT_COLOR_NAME = AccentColor;
				CODE_SIGN_STYLE = Automatic;
				CURRENT_PROJECT_VERSION = 1;
				DEVELOPMENT_TEAM = 82R248LTUV;
				GENERATE_INFOPLIST_FILE = YES;
				INFOPLIST_FILE = SeulMae/Info.plist;
				INFOPLIST_KEY_UIApplicationSupportsIndirectInputEvents = YES;
				INFOPLIST_KEY_UILaunchStoryboardName = LaunchScreen;
				INFOPLIST_KEY_UIMainStoryboardFile = Main;
				INFOPLIST_KEY_UISupportedInterfaceOrientations = UIInterfaceOrientationPortrait;
				LD_RUNPATH_SEARCH_PATHS = (
					"$(inherited)",
					"@executable_path/Frameworks",
				);
				MARKETING_VERSION = 1.0;
				PRODUCT_BUNDLE_IDENTIFIER = com.yonggipo.SeulMae;
				PRODUCT_NAME = "$(TARGET_NAME)";
				SUPPORTED_PLATFORMS = "iphoneos iphonesimulator";
				SUPPORTS_MACCATALYST = NO;
				SUPPORTS_MAC_DESIGNED_FOR_IPHONE_IPAD = NO;
				SUPPORTS_XR_DESIGNED_FOR_IPHONE_IPAD = NO;
				SWIFT_EMIT_LOC_STRINGS = YES;
				SWIFT_VERSION = 5.0;
				TARGETED_DEVICE_FAMILY = "1,2";
			};
			name = Release;
		};
		86E299D32C17220000805AD0 /* Debug */ = {
			isa = XCBuildConfiguration;
			buildSettings = {
				ALWAYS_EMBED_SWIFT_STANDARD_LIBRARIES = YES;
				BUNDLE_LOADER = "$(TEST_HOST)";
				CODE_SIGN_STYLE = Automatic;
				CURRENT_PROJECT_VERSION = 1;
				DEVELOPMENT_TEAM = 82R248LTUV;
				GENERATE_INFOPLIST_FILE = YES;
				IPHONEOS_DEPLOYMENT_TARGET = 14.0;
				MARKETING_VERSION = 1.0;
				PRODUCT_BUNDLE_IDENTIFIER = com.yonggipo.SeulMaeTests;
				PRODUCT_NAME = "$(TARGET_NAME)";
				SUPPORTED_PLATFORMS = "iphoneos iphonesimulator";
				SUPPORTS_MACCATALYST = NO;
				SUPPORTS_MAC_DESIGNED_FOR_IPHONE_IPAD = NO;
				SUPPORTS_XR_DESIGNED_FOR_IPHONE_IPAD = NO;
				SWIFT_EMIT_LOC_STRINGS = NO;
				SWIFT_VERSION = 5.0;
				TARGETED_DEVICE_FAMILY = "1,2";
				TEST_HOST = "$(BUILT_PRODUCTS_DIR)/SeulMae.app/$(BUNDLE_EXECUTABLE_FOLDER_PATH)/SeulMae";
			};
			name = Debug;
		};
		86E299D42C17220000805AD0 /* Release */ = {
			isa = XCBuildConfiguration;
			buildSettings = {
				ALWAYS_EMBED_SWIFT_STANDARD_LIBRARIES = YES;
				BUNDLE_LOADER = "$(TEST_HOST)";
				CODE_SIGN_STYLE = Automatic;
				CURRENT_PROJECT_VERSION = 1;
				DEVELOPMENT_TEAM = 82R248LTUV;
				GENERATE_INFOPLIST_FILE = YES;
				IPHONEOS_DEPLOYMENT_TARGET = 14.0;
				MARKETING_VERSION = 1.0;
				PRODUCT_BUNDLE_IDENTIFIER = com.yonggipo.SeulMaeTests;
				PRODUCT_NAME = "$(TARGET_NAME)";
				SUPPORTED_PLATFORMS = "iphoneos iphonesimulator";
				SUPPORTS_MACCATALYST = NO;
				SUPPORTS_MAC_DESIGNED_FOR_IPHONE_IPAD = NO;
				SUPPORTS_XR_DESIGNED_FOR_IPHONE_IPAD = NO;
				SWIFT_EMIT_LOC_STRINGS = NO;
				SWIFT_VERSION = 5.0;
				TARGETED_DEVICE_FAMILY = "1,2";
				TEST_HOST = "$(BUILT_PRODUCTS_DIR)/SeulMae.app/$(BUNDLE_EXECUTABLE_FOLDER_PATH)/SeulMae";
			};
			name = Release;
		};
		86E299D62C17220000805AD0 /* Debug */ = {
			isa = XCBuildConfiguration;
			buildSettings = {
				ALWAYS_EMBED_SWIFT_STANDARD_LIBRARIES = YES;
				CODE_SIGN_STYLE = Automatic;
				CURRENT_PROJECT_VERSION = 1;
				DEVELOPMENT_TEAM = 82R248LTUV;
				GENERATE_INFOPLIST_FILE = YES;
				MARKETING_VERSION = 1.0;
				PRODUCT_BUNDLE_IDENTIFIER = com.yonggipo.SeulMaeUITests;
				PRODUCT_NAME = "$(TARGET_NAME)";
				SUPPORTED_PLATFORMS = "iphoneos iphonesimulator";
				SUPPORTS_MACCATALYST = NO;
				SUPPORTS_MAC_DESIGNED_FOR_IPHONE_IPAD = NO;
				SUPPORTS_XR_DESIGNED_FOR_IPHONE_IPAD = NO;
				SWIFT_EMIT_LOC_STRINGS = NO;
				SWIFT_VERSION = 5.0;
				TARGETED_DEVICE_FAMILY = "1,2";
				TEST_TARGET_NAME = SeulMae;
			};
			name = Debug;
		};
		86E299D72C17220000805AD0 /* Release */ = {
			isa = XCBuildConfiguration;
			buildSettings = {
				ALWAYS_EMBED_SWIFT_STANDARD_LIBRARIES = YES;
				CODE_SIGN_STYLE = Automatic;
				CURRENT_PROJECT_VERSION = 1;
				DEVELOPMENT_TEAM = 82R248LTUV;
				GENERATE_INFOPLIST_FILE = YES;
				MARKETING_VERSION = 1.0;
				PRODUCT_BUNDLE_IDENTIFIER = com.yonggipo.SeulMaeUITests;
				PRODUCT_NAME = "$(TARGET_NAME)";
				SUPPORTED_PLATFORMS = "iphoneos iphonesimulator";
				SUPPORTS_MACCATALYST = NO;
				SUPPORTS_MAC_DESIGNED_FOR_IPHONE_IPAD = NO;
				SUPPORTS_XR_DESIGNED_FOR_IPHONE_IPAD = NO;
				SWIFT_EMIT_LOC_STRINGS = NO;
				SWIFT_VERSION = 5.0;
				TARGETED_DEVICE_FAMILY = "1,2";
				TEST_TARGET_NAME = SeulMae;
			};
			name = Release;
		};
/* End XCBuildConfiguration section */

/* Begin XCConfigurationList section */
		86E299A02C1721FF00805AD0 /* Build configuration list for PBXProject "SeulMae" */ = {
			isa = XCConfigurationList;
			buildConfigurations = (
				86E299CD2C17220000805AD0 /* Debug */,
				86E299CE2C17220000805AD0 /* Release */,
			);
			defaultConfigurationIsVisible = 0;
			defaultConfigurationName = Release;
		};
		86E299CF2C17220000805AD0 /* Build configuration list for PBXNativeTarget "SeulMae" */ = {
			isa = XCConfigurationList;
			buildConfigurations = (
				86E299D02C17220000805AD0 /* Debug */,
				86E299D12C17220000805AD0 /* Release */,
			);
			defaultConfigurationIsVisible = 0;
			defaultConfigurationName = Release;
		};
		86E299D22C17220000805AD0 /* Build configuration list for PBXNativeTarget "SeulMaeTests" */ = {
			isa = XCConfigurationList;
			buildConfigurations = (
				86E299D32C17220000805AD0 /* Debug */,
				86E299D42C17220000805AD0 /* Release */,
			);
			defaultConfigurationIsVisible = 0;
			defaultConfigurationName = Release;
		};
		86E299D52C17220000805AD0 /* Build configuration list for PBXNativeTarget "SeulMaeUITests" */ = {
			isa = XCConfigurationList;
			buildConfigurations = (
				86E299D62C17220000805AD0 /* Debug */,
				86E299D72C17220000805AD0 /* Release */,
			);
			defaultConfigurationIsVisible = 0;
			defaultConfigurationName = Release;
		};
/* End XCConfigurationList section */

/* Begin XCRemoteSwiftPackageReference section */
		86E299EB2C1733A600805AD0 /* XCRemoteSwiftPackageReference "SnapKit" */ = {
			isa = XCRemoteSwiftPackageReference;
			repositoryURL = "https://github.com/SnapKit/SnapKit";
			requirement = {
				kind = upToNextMajorVersion;
				minimumVersion = 5.7.1;
			};
		};
/* End XCRemoteSwiftPackageReference section */

/* Begin XCSwiftPackageProductDependency section */
		86E299ED2C17357E00805AD0 /* SnapKit */ = {
			isa = XCSwiftPackageProductDependency;
			package = 86E299EB2C1733A600805AD0 /* XCRemoteSwiftPackageReference "SnapKit" */;
			productName = SnapKit;
		};
/* End XCSwiftPackageProductDependency section */
	};
	rootObject = 86E2999D2C1721FF00805AD0 /* Project object */;
}
